// !$*UTF8*$!
{
	archiveVersion = 1;
	classes = {
	};
	objectVersion = 50;
	objects = {

/* Begin PBXBuildFile section */
		CEBAF51125C603D60010290E /* AppDelegate.swift in Sources */ = {isa = PBXBuildFile; fileRef = CEBAF51025C603D60010290E /* AppDelegate.swift */; };
		CEBAF51325C603D60010290E /* SceneDelegate.swift in Sources */ = {isa = PBXBuildFile; fileRef = CEBAF51225C603D60010290E /* SceneDelegate.swift */; };
		CEBAF51525C603D60010290E /* ViewController.swift in Sources */ = {isa = PBXBuildFile; fileRef = CEBAF51425C603D60010290E /* ViewController.swift */; };
		CEBAF51825C603D60010290E /* Main.storyboard in Resources */ = {isa = PBXBuildFile; fileRef = CEBAF51625C603D60010290E /* Main.storyboard */; };
		CEBAF51A25C603D90010290E /* Assets.xcassets in Resources */ = {isa = PBXBuildFile; fileRef = CEBAF51925C603D90010290E /* Assets.xcassets */; };
		CEBAF51D25C603D90010290E /* LaunchScreen.storyboard in Resources */ = {isa = PBXBuildFile; fileRef = CEBAF51B25C603D90010290E /* LaunchScreen.storyboard */; };
		CEBAF52625C604D40010290E /* Models.swift in Sources */ = {isa = PBXBuildFile; fileRef = CEBAF52525C604D40010290E /* Models.swift */; };
		CEBAF52A25C60ECA0010290E /* OnlineCell.swift in Sources */ = {isa = PBXBuildFile; fileRef = CEBAF52925C60ECA0010290E /* OnlineCell.swift */; };
		CEBAF52E25C85A3D0010290E /* FooterView.swift in Sources */ = {isa = PBXBuildFile; fileRef = CEBAF52D25C85A3D0010290E /* FooterView.swift */; };
		CEBAF53225C85A4C0010290E /* ViewersView.swift in Sources */ = {isa = PBXBuildFile; fileRef = CEBAF53125C85A4C0010290E /* ViewersView.swift */; };
		CEBAF53525C8ADC00010290E /* OfflineCell.swift in Sources */ = {isa = PBXBuildFile; fileRef = CEBAF53425C8ADC00010290E /* OfflineCell.swift */; };
		CEBAF53825C8C6070010290E /* SimpleHeader.swift in Sources */ = {isa = PBXBuildFile; fileRef = CEBAF53725C8C6070010290E /* SimpleHeader.swift */; };
/* End PBXBuildFile section */

/* Begin PBXFileReference section */
		CEBAF50D25C603D60010290E /* Compositional layout.app */ = {isa = PBXFileReference; explicitFileType = wrapper.application; includeInIndex = 0; path = "Compositional layout.app"; sourceTree = BUILT_PRODUCTS_DIR; };
		CEBAF51025C603D60010290E /* AppDelegate.swift */ = {isa = PBXFileReference; lastKnownFileType = sourcecode.swift; path = AppDelegate.swift; sourceTree = "<group>"; };
		CEBAF51225C603D60010290E /* SceneDelegate.swift */ = {isa = PBXFileReference; lastKnownFileType = sourcecode.swift; path = SceneDelegate.swift; sourceTree = "<group>"; };
		CEBAF51425C603D60010290E /* ViewController.swift */ = {isa = PBXFileReference; lastKnownFileType = sourcecode.swift; path = ViewController.swift; sourceTree = "<group>"; };
		CEBAF51725C603D60010290E /* Base */ = {isa = PBXFileReference; lastKnownFileType = file.storyboard; name = Base; path = Base.lproj/Main.storyboard; sourceTree = "<group>"; };
		CEBAF51925C603D90010290E /* Assets.xcassets */ = {isa = PBXFileReference; lastKnownFileType = folder.assetcatalog; path = Assets.xcassets; sourceTree = "<group>"; };
		CEBAF51C25C603D90010290E /* Base */ = {isa = PBXFileReference; lastKnownFileType = file.storyboard; name = Base; path = Base.lproj/LaunchScreen.storyboard; sourceTree = "<group>"; };
		CEBAF51E25C603D90010290E /* Info.plist */ = {isa = PBXFileReference; lastKnownFileType = text.plist.xml; path = Info.plist; sourceTree = "<group>"; };
		CEBAF52525C604D40010290E /* Models.swift */ = {isa = PBXFileReference; lastKnownFileType = sourcecode.swift; path = Models.swift; sourceTree = "<group>"; };
		CEBAF52925C60ECA0010290E /* OnlineCell.swift */ = {isa = PBXFileReference; lastKnownFileType = sourcecode.swift; path = OnlineCell.swift; sourceTree = "<group>"; };
		CEBAF52D25C85A3D0010290E /* FooterView.swift */ = {isa = PBXFileReference; lastKnownFileType = sourcecode.swift; path = FooterView.swift; sourceTree = "<group>"; };
		CEBAF53125C85A4C0010290E /* ViewersView.swift */ = {isa = PBXFileReference; lastKnownFileType = sourcecode.swift; path = ViewersView.swift; sourceTree = "<group>"; };
		CEBAF53425C8ADC00010290E /* OfflineCell.swift */ = {isa = PBXFileReference; lastKnownFileType = sourcecode.swift; path = OfflineCell.swift; sourceTree = "<group>"; };
		CEBAF53725C8C6070010290E /* SimpleHeader.swift */ = {isa = PBXFileReference; lastKnownFileType = sourcecode.swift; path = SimpleHeader.swift; sourceTree = "<group>"; };
/* End PBXFileReference section */

/* Begin PBXFrameworksBuildPhase section */
		CEBAF50A25C603D60010290E /* Frameworks */ = {
			isa = PBXFrameworksBuildPhase;
			buildActionMask = 2147483647;
			files = (
			);
			runOnlyForDeploymentPostprocessing = 0;
		};
/* End PBXFrameworksBuildPhase section */

/* Begin PBXGroup section */
		CEBAF50425C603D60010290E = {
			isa = PBXGroup;
			children = (
				CEBAF50F25C603D60010290E /* Compositional layout */,
				CEBAF50E25C603D60010290E /* Products */,
			);
			sourceTree = "<group>";
		};
		CEBAF50E25C603D60010290E /* Products */ = {
			isa = PBXGroup;
			children = (
				CEBAF50D25C603D60010290E /* Compositional layout.app */,
			);
			name = Products;
			sourceTree = "<group>";
		};
		CEBAF50F25C603D60010290E /* Compositional layout */ = {
			isa = PBXGroup;
			children = (
				CEBAF51025C603D60010290E /* AppDelegate.swift */,
				CEBAF51225C603D60010290E /* SceneDelegate.swift */,
				CEBAF51425C603D60010290E /* ViewController.swift */,
				CEBAF52525C604D40010290E /* Models.swift */,
				CEBAF52C25C85A330010290E /* Views */,
				CEBAF52825C60EA80010290E /* Cells */,
				CEBAF51625C603D60010290E /* Main.storyboard */,
				CEBAF51925C603D90010290E /* Assets.xcassets */,
				CEBAF51B25C603D90010290E /* LaunchScreen.storyboard */,
				CEBAF51E25C603D90010290E /* Info.plist */,
			);
			path = "Compositional layout";
			sourceTree = "<group>";
		};
		CEBAF52825C60EA80010290E /* Cells */ = {
			isa = PBXGroup;
			children = (
				CEBAF52925C60ECA0010290E /* OnlineCell.swift */,
				CEBAF53425C8ADC00010290E /* OfflineCell.swift */,
			);
			path = Cells;
			sourceTree = "<group>";
		};
		CEBAF52C25C85A330010290E /* Views */ = {
			isa = PBXGroup;
			children = (
				CEBAF52D25C85A3D0010290E /* FooterView.swift */,
				CEBAF53125C85A4C0010290E /* ViewersView.swift */,
				CEBAF53725C8C6070010290E /* SimpleHeader.swift */,
			);
			path = Views;
			sourceTree = "<group>";
		};
/* End PBXGroup section */

/* Begin PBXNativeTarget section */
		CEBAF50C25C603D60010290E /* Compositional layout */ = {
			isa = PBXNativeTarget;
			buildConfigurationList = CEBAF52125C603D90010290E /* Build configuration list for PBXNativeTarget "Compositional layout" */;
			buildPhases = (
				CEBAF50925C603D60010290E /* Sources */,
				CEBAF50A25C603D60010290E /* Frameworks */,
				CEBAF50B25C603D60010290E /* Resources */,
			);
			buildRules = (
			);
			dependencies = (
			);
			name = "Compositional layout";
			productName = "Compositional layout";
			productReference = CEBAF50D25C603D60010290E /* Compositional layout.app */;
			productType = "com.apple.product-type.application";
		};
/* End PBXNativeTarget section */

/* Begin PBXProject section */
		CEBAF50525C603D60010290E /* Project object */ = {
			isa = PBXProject;
			attributes = {
				LastSwiftUpdateCheck = 1230;
				LastUpgradeCheck = 1230;
				TargetAttributes = {
					CEBAF50C25C603D60010290E = {
						CreatedOnToolsVersion = 12.3;
					};
				};
			};
			buildConfigurationList = CEBAF50825C603D60010290E /* Build configuration list for PBXProject "Compositional layout" */;
			compatibilityVersion = "Xcode 9.3";
			developmentRegion = en;
			hasScannedForEncodings = 0;
			knownRegions = (
				en,
				Base,
			);
			mainGroup = CEBAF50425C603D60010290E;
			productRefGroup = CEBAF50E25C603D60010290E /* Products */;
			projectDirPath = "";
			projectRoot = "";
			targets = (
				CEBAF50C25C603D60010290E /* Compositional layout */,
			);
		};
/* End PBXProject section */

/* Begin PBXResourcesBuildPhase section */
		CEBAF50B25C603D60010290E /* Resources */ = {
			isa = PBXResourcesBuildPhase;
			buildActionMask = 2147483647;
			files = (
				CEBAF51D25C603D90010290E /* LaunchScreen.storyboard in Resources */,
				CEBAF51A25C603D90010290E /* Assets.xcassets in Resources */,
				CEBAF51825C603D60010290E /* Main.storyboard in Resources */,
			);
			runOnlyForDeploymentPostprocessing = 0;
		};
/* End PBXResourcesBuildPhase section */

/* Begin PBXSourcesBuildPhase section */
		CEBAF50925C603D60010290E /* Sources */ = {
			isa = PBXSourcesBuildPhase;
			buildActionMask = 2147483647;
			files = (
				CEBAF52A25C60ECA0010290E /* OnlineCell.swift in Sources */,
				CEBAF51525C603D60010290E /* ViewController.swift in Sources */,
				CEBAF51125C603D60010290E /* AppDelegate.swift in Sources */,
				CEBAF52E25C85A3D0010290E /* FooterView.swift in Sources */,
				CEBAF51325C603D60010290E /* SceneDelegate.swift in Sources */,
				CEBAF53225C85A4C0010290E /* ViewersView.swift in Sources */,
				CEBAF52625C604D40010290E /* Models.swift in Sources */,
				CEBAF53825C8C6070010290E /* SimpleHeader.swift in Sources */,
				CEBAF53525C8ADC00010290E /* OfflineCell.swift in Sources */,
			);
			runOnlyForDeploymentPostprocessing = 0;
		};
/* End PBXSourcesBuildPhase section */

/* Begin PBXVariantGroup section */
		CEBAF51625C603D60010290E /* Main.storyboard */ = {
			isa = PBXVariantGroup;
			children = (
				CEBAF51725C603D60010290E /* Base */,
			);
			name = Main.storyboard;
			sourceTree = "<group>";
		};
		CEBAF51B25C603D90010290E /* LaunchScreen.storyboard */ = {
			isa = PBXVariantGroup;
			children = (
				CEBAF51C25C603D90010290E /* Base */,
			);
			name = LaunchScreen.storyboard;
			sourceTree = "<group>";
		};
/* End PBXVariantGroup section */

/* Begin XCBuildConfiguration section */
		CEBAF51F25C603D90010290E /* Debug */ = {
			isa = XCBuildConfiguration;
			buildSettings = {
				ALWAYS_SEARCH_USER_PATHS = NO;
				CLANG_ANALYZER_NONNULL = YES;
				CLANG_ANALYZER_NUMBER_OBJECT_CONVERSION = YES_AGGRESSIVE;
				CLANG_CXX_LANGUAGE_STANDARD = "gnu++14";
				CLANG_CXX_LIBRARY = "libc++";
				CLANG_ENABLE_MODULES = YES;
				CLANG_ENABLE_OBJC_ARC = YES;
				CLANG_ENABLE_OBJC_WEAK = YES;
				CLANG_WARN_BLOCK_CAPTURE_AUTORELEASING = YES;
				CLANG_WARN_BOOL_CONVERSION = YES;
				CLANG_WARN_COMMA = YES;
				CLANG_WARN_CONSTANT_CONVERSION = YES;
				CLANG_WARN_DEPRECATED_OBJC_IMPLEMENTATIONS = YES;
				CLANG_WARN_DIRECT_OBJC_ISA_USAGE = YES_ERROR;
				CLANG_WARN_DOCUMENTATION_COMMENTS = YES;
				CLANG_WARN_EMPTY_BODY = YES;
				CLANG_WARN_ENUM_CONVERSION = YES;
				CLANG_WARN_INFINITE_RECURSION = YES;
				CLANG_WARN_INT_CONVERSION = YES;
				CLANG_WARN_NON_LITERAL_NULL_CONVERSION = YES;
				CLANG_WARN_OBJC_IMPLICIT_RETAIN_SELF = YES;
				CLANG_WARN_OBJC_LITERAL_CONVERSION = YES;
				CLANG_WARN_OBJC_ROOT_CLASS = YES_ERROR;
				CLANG_WARN_QUOTED_INCLUDE_IN_FRAMEWORK_HEADER = YES;
				CLANG_WARN_RANGE_LOOP_ANALYSIS = YES;
				CLANG_WARN_STRICT_PROTOTYPES = YES;
				CLANG_WARN_SUSPICIOUS_MOVE = YES;
				CLANG_WARN_UNGUARDED_AVAILABILITY = YES_AGGRESSIVE;
				CLANG_WARN_UNREACHABLE_CODE = YES;
				CLANG_WARN__DUPLICATE_METHOD_MATCH = YES;
				COPY_PHASE_STRIP = NO;
				DEBUG_INFORMATION_FORMAT = dwarf;
				ENABLE_STRICT_OBJC_MSGSEND = YES;
				ENABLE_TESTABILITY = YES;
				GCC_C_LANGUAGE_STANDARD = gnu11;
				GCC_DYNAMIC_NO_PIC = NO;
				GCC_NO_COMMON_BLOCKS = YES;
				GCC_OPTIMIZATION_LEVEL = 0;
				GCC_PREPROCESSOR_DEFINITIONS = (
					"DEBUG=1",
					"$(inherited)",
				);
				GCC_WARN_64_TO_32_BIT_CONVERSION = YES;
				GCC_WARN_ABOUT_RETURN_TYPE = YES_ERROR;
				GCC_WARN_UNDECLARED_SELECTOR = YES;
				GCC_WARN_UNINITIALIZED_AUTOS = YES_AGGRESSIVE;
				GCC_WARN_UNUSED_FUNCTION = YES;
				GCC_WARN_UNUSED_VARIABLE = YES;
				IPHONEOS_DEPLOYMENT_TARGET = 14.3;
				MTL_ENABLE_DEBUG_INFO = INCLUDE_SOURCE;
				MTL_FAST_MATH = YES;
				ONLY_ACTIVE_ARCH = YES;
				SDKROOT = iphoneos;
				SWIFT_ACTIVE_COMPILATION_CONDITIONS = DEBUG;
				SWIFT_OPTIMIZATION_LEVEL = "-Onone";
			};
			name = Debug;
		};
		CEBAF52025C603D90010290E /* Release */ = {
			isa = XCBuildConfiguration;
			buildSettings = {
				ALWAYS_SEARCH_USER_PATHS = NO;
				CLANG_ANALYZER_NONNULL = YES;
				CLANG_ANALYZER_NUMBER_OBJECT_CONVERSION = YES_AGGRESSIVE;
				CLANG_CXX_LANGUAGE_STANDARD = "gnu++14";
				CLANG_CXX_LIBRARY = "libc++";
				CLANG_ENABLE_MODULES = YES;
				CLANG_ENABLE_OBJC_ARC = YES;
				CLANG_ENABLE_OBJC_WEAK = YES;
				CLANG_WARN_BLOCK_CAPTURE_AUTORELEASING = YES;
				CLANG_WARN_BOOL_CONVERSION = YES;
				CLANG_WARN_COMMA = YES;
				CLANG_WARN_CONSTANT_CONVERSION = YES;
				CLANG_WARN_DEPRECATED_OBJC_IMPLEMENTATIONS = YES;
				CLANG_WARN_DIRECT_OBJC_ISA_USAGE = YES_ERROR;
				CLANG_WARN_DOCUMENTATION_COMMENTS = YES;
				CLANG_WARN_EMPTY_BODY = YES;
				CLANG_WARN_ENUM_CONVERSION = YES;
				CLANG_WARN_INFINITE_RECURSION = YES;
				CLANG_WARN_INT_CONVERSION = YES;
				CLANG_WARN_NON_LITERAL_NULL_CONVERSION = YES;
				CLANG_WARN_OBJC_IMPLICIT_RETAIN_SELF = YES;
				CLANG_WARN_OBJC_LITERAL_CONVERSION = YES;
				CLANG_WARN_OBJC_ROOT_CLASS = YES_ERROR;
				CLANG_WARN_QUOTED_INCLUDE_IN_FRAMEWORK_HEADER = YES;
				CLANG_WARN_RANGE_LOOP_ANALYSIS = YES;
				CLANG_WARN_STRICT_PROTOTYPES = YES;
				CLANG_WARN_SUSPICIOUS_MOVE = YES;
				CLANG_WARN_UNGUARDED_AVAILABILITY = YES_AGGRESSIVE;
				CLANG_WARN_UNREACHABLE_CODE = YES;
				CLANG_WARN__DUPLICATE_METHOD_MATCH = YES;
				COPY_PHASE_STRIP = NO;
				DEBUG_INFORMATION_FORMAT = "dwarf-with-dsym";
				ENABLE_NS_ASSERTIONS = NO;
				ENABLE_STRICT_OBJC_MSGSEND = YES;
				GCC_C_LANGUAGE_STANDARD = gnu11;
				GCC_NO_COMMON_BLOCKS = YES;
				GCC_WARN_64_TO_32_BIT_CONVERSION = YES;
				GCC_WARN_ABOUT_RETURN_TYPE = YES_ERROR;
				GCC_WARN_UNDECLARED_SELECTOR = YES;
				GCC_WARN_UNINITIALIZED_AUTOS = YES_AGGRESSIVE;
				GCC_WARN_UNUSED_FUNCTION = YES;
				GCC_WARN_UNUSED_VARIABLE = YES;
				IPHONEOS_DEPLOYMENT_TARGET = 14.3;
				MTL_ENABLE_DEBUG_INFO = NO;
				MTL_FAST_MATH = YES;
				SDKROOT = iphoneos;
				SWIFT_COMPILATION_MODE = wholemodule;
				SWIFT_OPTIMIZATION_LEVEL = "-O";
				VALIDATE_PRODUCT = YES;
			};
			name = Release;
		};
		CEBAF52225C603D90010290E /* Debug */ = {
			isa = XCBuildConfiguration;
			buildSettings = {
				ASSETCATALOG_COMPILER_APPICON_NAME = AppIcon;
				ASSETCATALOG_COMPILER_GLOBAL_ACCENT_COLOR_NAME = AccentColor;
				CODE_SIGN_STYLE = Automatic;
				DEVELOPMENT_TEAM = JVC2S59PM5;
				INFOPLIST_FILE = "Compositional layout/Info.plist";
				LD_RUNPATH_SEARCH_PATHS = (
					"$(inherited)",
					"@executable_path/Frameworks",
				);
				PRODUCT_BUNDLE_IDENTIFIER = "Evgeny-Kravtsov.Compositional-layout";
				PRODUCT_NAME = "$(TARGET_NAME)";
				SWIFT_VERSION = 5.0;
				TARGETED_DEVICE_FAMILY = "1,2";
			};
			name = Debug;
		};
		CEBAF52325C603D90010290E /* Release */ = {
			isa = XCBuildConfiguration;
			buildSettings = {
				ASSETCATALOG_COMPILER_APPICON_NAME = AppIcon;
				ASSETCATALOG_COMPILER_GLOBAL_ACCENT_COLOR_NAME = AccentColor;
				CODE_SIGN_STYLE = Automatic;
				DEVELOPMENT_TEAM = JVC2S59PM5;
				INFOPLIST_FILE = "Compositional layout/Info.plist";
				LD_RUNPATH_SEARCH_PATHS = (
					"$(inherited)",
					"@executable_path/Frameworks",
				);
				PRODUCT_BUNDLE_IDENTIFIER = "Evgeny-Kravtsov.Compositional-layout";
				PRODUCT_NAME = "$(TARGET_NAME)";
				SWIFT_VERSION = 5.0;
				TARGETED_DEVICE_FAMILY = "1,2";
			};
			name = Release;
		};
/* End XCBuildConfiguration section */

/* Begin XCConfigurationList section */
		CEBAF50825C603D60010290E /* Build configuration list for PBXProject "Compositional layout" */ = {
			isa = XCConfigurationList;
			buildConfigurations = (
				CEBAF51F25C603D90010290E /* Debug */,
				CEBAF52025C603D90010290E /* Release */,
			);
			defaultConfigurationIsVisible = 0;
			defaultConfigurationName = Release;
		};
		CEBAF52125C603D90010290E /* Build configuration list for PBXNativeTarget "Compositional layout" */ = {
			isa = XCConfigurationList;
			buildConfigurations = (
				CEBAF52225C603D90010290E /* Debug */,
				CEBAF52325C603D90010290E /* Release */,
			);
			defaultConfigurationIsVisible = 0;
			defaultConfigurationName = Release;
		};
/* End XCConfigurationList section */
	};
	rootObject = CEBAF50525C603D60010290E /* Project object */;
}
